
Microsoft Visual Studio Solution File, Format Version 12.00
# Visual Studio 15
VisualStudioVersion = 15.0.28010.2026
MinimumVisualStudioVersion = 10.0.40219.1
Project("{FAE04EC0-301F-11D3-BF4B-00C04F79EFBC}") = "scrimp", "scrimp\scrimp.csproj", "{CD51944A-02A8-4A54-972E-D5C9ABCC8094}"
EndProject
Global
	GlobalSection(SolutionConfigurationPlatforms) = preSolution
		Debug|Any CPU = Debug|Any CPU
		Release|Any CPU = Release|Any CPU
	EndGlobalSection
	GlobalSection(ProjectConfigurationPlatforms) = postSolution
		{CD51944A-02A8-4A54-972E-D5C9ABCC8094}.Debug|Any CPU.ActiveCfg = Debug|Any CPU
		{CD51944A-02A8-4A54-972E-D5C9ABCC8094}.Debug|Any CPU.Build.0 = Debug|Any CPU
		{CD51944A-02A8-4A54-972E-D5C9ABCC8094}.Release|Any CPU.ActiveCfg = Release|Any CPU
		{CD51944A-02A8-4A54-972E-D5C9ABCC8094}.Release|Any CPU.Build.0 = Release|Any CPU
	EndGlobalSection
	GlobalSection(SolutionProperties) = preSolution
		HideSolutionNode = FALSE
	EndGlobalSection
	GlobalSection(ExtensibilityGlobals) = postSolution
		SolutionGuid = {AC826EBB-7159-4A19-8381-9334B241C333}
	EndGlobalSection
EndGlobal
